
Microsoft Visual Studio Solution File, Format Version 12.00
# Visual Studio Version 16
VisualStudioVersion = 16.0.31515.178
MinimumVisualStudioVersion = 10.0.40219.1
Project("{FAE04EC0-301F-11D3-BF4B-00C04F79EFBC}") = "HtmlHelpersApp", "HtmlHelpersApp.csproj", "{A0F8DCE3-7572-4665-A915-CAFC954E382C}"
EndProject
Global
	GlobalSection(SolutionConfigurationPlatforms) = preSolution
		Debug|Any CPU = Debug|Any CPU
		Release|Any CPU = Release|Any CPU
	EndGlobalSection
	GlobalSection(ProjectConfigurationPlatforms) = postSolution
		{A0F8DCE3-7572-4665-A915-CAFC954E382C}.Debug|Any CPU.ActiveCfg = Debug|Any CPU
		{A0F8DCE3-7572-4665-A915-CAFC954E382C}.Debug|Any CPU.Build.0 = Debug|Any CPU
		{A0F8DCE3-7572-4665-A915-CAFC954E382C}.Release|Any CPU.ActiveCfg = Release|Any CPU
		{A0F8DCE3-7572-4665-A915-CAFC954E382C}.Release|Any CPU.Build.0 = Release|Any CPU
	EndGlobalSection
	GlobalSection(SolutionProperties) = preSolution
		HideSolutionNode = FALSE
	EndGlobalSection
	GlobalSection(ExtensibilityGlobals) = postSolution
		SolutionGuid = {55F750D9-5F07-4BD9-994B-5EBF7F1343CE}
	EndGlobalSection
EndGlobal
